
Microsoft Visual Studio Solution File, Format Version 12.00
# Visual Studio 15
VisualStudioVersion = 15.0.27625.0
MinimumVisualStudioVersion = 10.0.40219.1
Project("{9A19103F-16F7-4668-BE54-9A1E7A4F7556}") = "BlazorApp", "BlazorApp\BlazorApp.csproj", "{C55485CB-A368-4B20-9AB8-2F6D05BF8817}"
EndProject
Project("{9A19103F-16F7-4668-BE54-9A1E7A4F7556}") = "RPedretti.Blazor.Components", "RPedretti.Blazor.Components\RPedretti.Blazor.Components.csproj", "{BEA0773E-609B-44F1-BEB2-310F5467CD04}"
EndProject
Project("{9A19103F-16F7-4668-BE54-9A1E7A4F7556}") = "RPedretti.Blazor.SignalRServer", "RPedretti.Blazor.SignalRServer\RPedretti.Blazor.SignalRServer.csproj", "{0B1DFA7F-B7BF-48AE-B106-BE967575B823}"
EndProject
Project("{9A19103F-16F7-4668-BE54-9A1E7A4F7556}") = "RPedretti.Blazor.Shared", "RPedretti.Blazor.Shared\RPedretti.Blazor.Shared.csproj", "{0E135C7E-81B8-49F8-ABFB-663DB801643E}"
EndProject
Project("{9A19103F-16F7-4668-BE54-9A1E7A4F7556}") = "RPedretti.Security", "RPedretti.Security\RPedretti.Security.csproj", "{5C04AD58-FB42-4310-B005-5C8850A65327}"
EndProject
Project("{9A19103F-16F7-4668-BE54-9A1E7A4F7556}") = "RPedretti.Blazor.Sensors", "RPedretti.Blazor.Sensors\RPedretti.Blazor.Sensors.csproj", "{B2D4AB65-DDBF-430F-924F-C8A77550CA21}"
EndProject
Project("{9A19103F-16F7-4668-BE54-9A1E7A4F7556}") = "RPedretti.Blazor.BingMaps", "RPedretti.Blazor.BingMaps\RPedretti.Blazor.BingMaps.csproj", "{BDA03A67-E91F-4DD2-9D4F-18B7F3C87160}"
EndProject
Project("{9A19103F-16F7-4668-BE54-9A1E7A4F7556}") = "RPedretti.Blazor.Components.Layout", "RPedretti.Blazor.Components.Layout\RPedretti.Blazor.Components.Layout.csproj", "{56732329-F59D-4632-A6DC-B336D43B38F1}"
EndProject
Project("{2150E333-8FDC-42A3-9474-1A3956D46DE8}") = "Maps", "Maps", "{159DFD94-034B-4EF1-B589-16E6C510AC01}"
EndProject
Project("{2150E333-8FDC-42A3-9474-1A3956D46DE8}") = "Components", "Components", "{088AAB14-3C42-4BD9-BEC5-4D177A60F991}"
EndProject
Project("{2150E333-8FDC-42A3-9474-1A3956D46DE8}") = "Services", "Services", "{26183971-0920-42B0-8FD2-85C0A372DDCE}"
EndProject
Project("{2150E333-8FDC-42A3-9474-1A3956D46DE8}") = "Samples", "Samples", "{ABC328EF-4AB8-4B97-BCCA-A874999238F0}"
EndProject
Project("{FAE04EC0-301F-11D3-BF4B-00C04F79EFBC}") = "RPedretti.Blazor.BingMaps.Sample", "RPedretti.Blazor.BingMaps.Sample\RPedretti.Blazor.BingMaps.Sample.csproj", "{BEBFEB4B-C47F-4373-B6B7-308DAA0D08BD}"
EndProject
Global
	GlobalSection(SolutionConfigurationPlatforms) = preSolution
		Debug|Any CPU = Debug|Any CPU
		Release|Any CPU = Release|Any CPU
	EndGlobalSection
	GlobalSection(ProjectConfigurationPlatforms) = postSolution
		{C55485CB-A368-4B20-9AB8-2F6D05BF8817}.Debug|Any CPU.ActiveCfg = Debug|Any CPU
		{C55485CB-A368-4B20-9AB8-2F6D05BF8817}.Debug|Any CPU.Build.0 = Debug|Any CPU
		{C55485CB-A368-4B20-9AB8-2F6D05BF8817}.Release|Any CPU.ActiveCfg = Release|Any CPU
		{C55485CB-A368-4B20-9AB8-2F6D05BF8817}.Release|Any CPU.Build.0 = Release|Any CPU
		{BEA0773E-609B-44F1-BEB2-310F5467CD04}.Debug|Any CPU.ActiveCfg = Debug|Any CPU
		{BEA0773E-609B-44F1-BEB2-310F5467CD04}.Debug|Any CPU.Build.0 = Debug|Any CPU
		{BEA0773E-609B-44F1-BEB2-310F5467CD04}.Release|Any CPU.ActiveCfg = Release|Any CPU
		{BEA0773E-609B-44F1-BEB2-310F5467CD04}.Release|Any CPU.Build.0 = Release|Any CPU
		{0B1DFA7F-B7BF-48AE-B106-BE967575B823}.Debug|Any CPU.ActiveCfg = Debug|Any CPU
		{0B1DFA7F-B7BF-48AE-B106-BE967575B823}.Debug|Any CPU.Build.0 = Debug|Any CPU
		{0B1DFA7F-B7BF-48AE-B106-BE967575B823}.Release|Any CPU.ActiveCfg = Release|Any CPU
		{0B1DFA7F-B7BF-48AE-B106-BE967575B823}.Release|Any CPU.Build.0 = Release|Any CPU
		{0E135C7E-81B8-49F8-ABFB-663DB801643E}.Debug|Any CPU.ActiveCfg = Debug|Any CPU
		{0E135C7E-81B8-49F8-ABFB-663DB801643E}.Debug|Any CPU.Build.0 = Debug|Any CPU
		{0E135C7E-81B8-49F8-ABFB-663DB801643E}.Release|Any CPU.ActiveCfg = Release|Any CPU
		{0E135C7E-81B8-49F8-ABFB-663DB801643E}.Release|Any CPU.Build.0 = Release|Any CPU
		{5C04AD58-FB42-4310-B005-5C8850A65327}.Debug|Any CPU.ActiveCfg = Debug|Any CPU
		{5C04AD58-FB42-4310-B005-5C8850A65327}.Debug|Any CPU.Build.0 = Debug|Any CPU
		{5C04AD58-FB42-4310-B005-5C8850A65327}.Release|Any CPU.ActiveCfg = Release|Any CPU
		{5C04AD58-FB42-4310-B005-5C8850A65327}.Release|Any CPU.Build.0 = Release|Any CPU
		{B2D4AB65-DDBF-430F-924F-C8A77550CA21}.Debug|Any CPU.ActiveCfg = Debug|Any CPU
		{B2D4AB65-DDBF-430F-924F-C8A77550CA21}.Debug|Any CPU.Build.0 = Debug|Any CPU
		{B2D4AB65-DDBF-430F-924F-C8A77550CA21}.Release|Any CPU.ActiveCfg = Release|Any CPU
		{B2D4AB65-DDBF-430F-924F-C8A77550CA21}.Release|Any CPU.Build.0 = Release|Any CPU
		{BDA03A67-E91F-4DD2-9D4F-18B7F3C87160}.Debug|Any CPU.ActiveCfg = Debug|Any CPU
		{BDA03A67-E91F-4DD2-9D4F-18B7F3C87160}.Debug|Any CPU.Build.0 = Debug|Any CPU
		{BDA03A67-E91F-4DD2-9D4F-18B7F3C87160}.Release|Any CPU.ActiveCfg = Release|Any CPU
		{BDA03A67-E91F-4DD2-9D4F-18B7F3C87160}.Release|Any CPU.Build.0 = Release|Any CPU
		{56732329-F59D-4632-A6DC-B336D43B38F1}.Debug|Any CPU.ActiveCfg = Debug|Any CPU
		{56732329-F59D-4632-A6DC-B336D43B38F1}.Debug|Any CPU.Build.0 = Debug|Any CPU
		{56732329-F59D-4632-A6DC-B336D43B38F1}.Release|Any CPU.ActiveCfg = Release|Any CPU
		{56732329-F59D-4632-A6DC-B336D43B38F1}.Release|Any CPU.Build.0 = Release|Any CPU
		{BEBFEB4B-C47F-4373-B6B7-308DAA0D08BD}.Debug|Any CPU.ActiveCfg = Debug|Any CPU
		{BEBFEB4B-C47F-4373-B6B7-308DAA0D08BD}.Debug|Any CPU.Build.0 = Debug|Any CPU
		{BEBFEB4B-C47F-4373-B6B7-308DAA0D08BD}.Release|Any CPU.ActiveCfg = Release|Any CPU
		{BEBFEB4B-C47F-4373-B6B7-308DAA0D08BD}.Release|Any CPU.Build.0 = Release|Any CPU
	EndGlobalSection
	GlobalSection(SolutionProperties) = preSolution
		HideSolutionNode = FALSE
	EndGlobalSection
	GlobalSection(NestedProjects) = preSolution
		{C55485CB-A368-4B20-9AB8-2F6D05BF8817} = {088AAB14-3C42-4BD9-BEC5-4D177A60F991}
		{BEA0773E-609B-44F1-BEB2-310F5467CD04} = {088AAB14-3C42-4BD9-BEC5-4D177A60F991}
		{B2D4AB65-DDBF-430F-924F-C8A77550CA21} = {26183971-0920-42B0-8FD2-85C0A372DDCE}
		{BDA03A67-E91F-4DD2-9D4F-18B7F3C87160} = {159DFD94-034B-4EF1-B589-16E6C510AC01}
		{56732329-F59D-4632-A6DC-B336D43B38F1} = {088AAB14-3C42-4BD9-BEC5-4D177A60F991}
		{ABC328EF-4AB8-4B97-BCCA-A874999238F0} = {159DFD94-034B-4EF1-B589-16E6C510AC01}
		{BEBFEB4B-C47F-4373-B6B7-308DAA0D08BD} = {ABC328EF-4AB8-4B97-BCCA-A874999238F0}
	EndGlobalSection
	GlobalSection(ExtensibilityGlobals) = postSolution
		SolutionGuid = {E284FA10-90E3-4D47-91E1-51CB4CD05E3F}
	EndGlobalSection
EndGlobal
