
Microsoft Visual Studio Solution File, Format Version 12.00
# Visual Studio 15
VisualStudioVersion = 15.0.27625.0
MinimumVisualStudioVersion = 10.0.40219.1
Project("{9A19103F-16F7-4668-BE54-9A1E7A4F7556}") = "BlazorApp", "BlazorApp\BlazorApp.csproj", "{C55485CB-A368-4B20-9AB8-2F6D05BF8817}"
EndProject
Project("{9A19103F-16F7-4668-BE54-9A1E7A4F7556}") = "RPedretti.Blazor.Components", "RPedretti.Blazor.Components\RPedretti.Blazor.Components.csproj", "{BEA0773E-609B-44F1-BEB2-310F5467CD04}"
EndProject
Project("{9A19103F-16F7-4668-BE54-9A1E7A4F7556}") = "RPedretti.Blazor.SignalRServer", "RPedretti.Blzor.SignalRServer\RPedretti.Blazor.SignalRServer.csproj", "{0B1DFA7F-B7BF-48AE-B106-BE967575B823}"
EndProject
Global
	GlobalSection(SolutionConfigurationPlatforms) = preSolution
		Debug|Any CPU = Debug|Any CPU
		Release|Any CPU = Release|Any CPU
	EndGlobalSection
	GlobalSection(ProjectConfigurationPlatforms) = postSolution
		{C55485CB-A368-4B20-9AB8-2F6D05BF8817}.Debug|Any CPU.ActiveCfg = Debug|Any CPU
		{C55485CB-A368-4B20-9AB8-2F6D05BF8817}.Debug|Any CPU.Build.0 = Debug|Any CPU
		{C55485CB-A368-4B20-9AB8-2F6D05BF8817}.Release|Any CPU.ActiveCfg = Release|Any CPU
		{C55485CB-A368-4B20-9AB8-2F6D05BF8817}.Release|Any CPU.Build.0 = Release|Any CPU
		{BEA0773E-609B-44F1-BEB2-310F5467CD04}.Debug|Any CPU.ActiveCfg = Debug|Any CPU
		{BEA0773E-609B-44F1-BEB2-310F5467CD04}.Debug|Any CPU.Build.0 = Debug|Any CPU
		{BEA0773E-609B-44F1-BEB2-310F5467CD04}.Release|Any CPU.ActiveCfg = Release|Any CPU
		{BEA0773E-609B-44F1-BEB2-310F5467CD04}.Release|Any CPU.Build.0 = Release|Any CPU
		{0B1DFA7F-B7BF-48AE-B106-BE967575B823}.Debug|Any CPU.ActiveCfg = Debug|Any CPU
		{0B1DFA7F-B7BF-48AE-B106-BE967575B823}.Debug|Any CPU.Build.0 = Debug|Any CPU
		{0B1DFA7F-B7BF-48AE-B106-BE967575B823}.Release|Any CPU.ActiveCfg = Release|Any CPU
		{0B1DFA7F-B7BF-48AE-B106-BE967575B823}.Release|Any CPU.Build.0 = Release|Any CPU
	EndGlobalSection
	GlobalSection(SolutionProperties) = preSolution
		HideSolutionNode = FALSE
	EndGlobalSection
	GlobalSection(ExtensibilityGlobals) = postSolution
		SolutionGuid = {E284FA10-90E3-4D47-91E1-51CB4CD05E3F}
	EndGlobalSection
EndGlobal
